
Microsoft Visual Studio Solution File, Format Version 12.00
# Visual Studio Version 17
VisualStudioVersion = 17.11.35303.130
MinimumVisualStudioVersion = 10.0.40219.1
Project("{9A19103F-16F7-4668-BE54-9A1E7A4F7556}") = "Tyuiu.BerestenDS.Sprint6.Task0.V4.Lib", "Tyuiu.BerestenDS.Sprint6.Task0.V4.Lib\Tyuiu.BerestenDS.Sprint6.Task0.V4.Lib.csproj", "{B5EB3521-85AA-46A5-B71A-E002510DE3D2}"
EndProject
Project("{9A19103F-16F7-4668-BE54-9A1E7A4F7556}") = "Tyuiu.BerestenDS.Sprint6.Task0.V4.Test", "Tyuiu.BerestenDS.Sprint6.Task0.V4.Test\Tyuiu.BerestenDS.Sprint6.Task0.V4.Test.csproj", "{F0C79FA8-38EC-4970-B759-DA616A44058E}"
EndProject
Project("{2150E333-8FDC-42A3-9474-1A3956D46DE8}") = "Task0", "Task0", "{85763DE8-1DE6-4A4F-80BC-9780E0D17E45}"
EndProject
Project("{9A19103F-16F7-4668-BE54-9A1E7A4F7556}") = "Tyuiu.BerestenDS.Sprint6.Task0.V4", "Tyuiu.BerestenDS.Sprint6.Task0.V4\Tyuiu.BerestenDS.Sprint6.Task0.V4.csproj", "{5AF2A821-5AD0-4B2D-91B2-B2E0B71AD944}"
EndProject
Project("{2150E333-8FDC-42A3-9474-1A3956D46DE8}") = "Task1", "Task1", "{EFF20FD3-DE4D-4B56-9335-48D7210131F5}"
EndProject
Project("{9A19103F-16F7-4668-BE54-9A1E7A4F7556}") = "Tyuiu.BerestenDS.Sprint6.Task1.V9.Lib", "Tyuiu.BerestenDS.Sprint6.Task1.V9.Lib\Tyuiu.BerestenDS.Sprint6.Task1.V9.Lib.csproj", "{EA894E1E-452D-4250-9296-829756F14F58}"
EndProject
Project("{9A19103F-16F7-4668-BE54-9A1E7A4F7556}") = "Tyuiu.BerestenDS.Sprint6.Task1.V9.Test", "Tyuiu.BerestenDS.Sprint6.Task1.V9.Test\Tyuiu.BerestenDS.Sprint6.Task1.V9.Test.csproj", "{2BAD1D62-C4B1-48B3-AE8E-AC7751307243}"
EndProject
Project("{9A19103F-16F7-4668-BE54-9A1E7A4F7556}") = "Tyuiu.BerestenDS.Sprint6.Task1.V9", "Tyuiu.BerestenDS.Sprint6.Task1.V9\Tyuiu.BerestenDS.Sprint6.Task1.V9.csproj", "{29885699-AD16-402E-B66D-B948EC52F985}"
EndProject
Project("{2150E333-8FDC-42A3-9474-1A3956D46DE8}") = "Task2", "Task2", "{584780C5-75EB-4F27-B184-000606804554}"
EndProject
Project("{9A19103F-16F7-4668-BE54-9A1E7A4F7556}") = "Tyuiu.BerestenDS.Sprint6.Task2.V30.Lib", "Tyuiu.BerestenDS.Sprint6.Task2.V30.Lib\Tyuiu.BerestenDS.Sprint6.Task2.V30.Lib.csproj", "{B16A2257-5FE8-40C3-B19B-DB0FA2D81234}"
EndProject
Project("{9A19103F-16F7-4668-BE54-9A1E7A4F7556}") = "Tyuiu.BerestenDS.Sprint6.Task2.V30.Test", "Tyuiu.BerestenDS.Sprint6.Task2.V30.Test\Tyuiu.BerestenDS.Sprint6.Task2.V30.Test.csproj", "{B91C4C02-67E6-4A5D-9EDF-816DCEDEA937}"
EndProject
Project("{9A19103F-16F7-4668-BE54-9A1E7A4F7556}") = "Tyuiu.BerestenDS.Sprint6.Task2.V30", "Tyuiu.BerestenDS.Sprint6.Task2.V30\Tyuiu.BerestenDS.Sprint6.Task2.V30.csproj", "{3DD6858C-DE5B-41A5-B23B-27BCE63DA333}"
EndProject
Project("{2150E333-8FDC-42A3-9474-1A3956D46DE8}") = "Task3", "Task3", "{B2211C0A-6649-485E-AAF5-247B887EB5ED}"
EndProject
Project("{9A19103F-16F7-4668-BE54-9A1E7A4F7556}") = "Tyuiu.BerestenDS.Sprint6.Task3.V5.Lib", "Tyuiu.BerestenDS.Sprint6.Task3.V5.Lib\Tyuiu.BerestenDS.Sprint6.Task3.V5.Lib.csproj", "{1C1F7A72-6528-43A8-B966-4E3A89400243}"
EndProject
Project("{9A19103F-16F7-4668-BE54-9A1E7A4F7556}") = "Tyuiu.BerestenDS.Sprint6.Task3.V5.Test", "Tyuiu.BerestenDS.Sprint6.Task3.V5.Test\Tyuiu.BerestenDS.Sprint6.Task3.V5.Test.csproj", "{A2D5FE4A-96FE-4278-8CF3-B9B1AC2D1FE3}"
EndProject
Project("{9A19103F-16F7-4668-BE54-9A1E7A4F7556}") = "Tyuiu.BerestenDS.Sprint6.Task3.V5", "Tyuiu.BerestenDS.Sprint6.Task3.V5\Tyuiu.BerestenDS.Sprint6.Task3.V5.csproj", "{8801B962-B9DC-4DD1-B9E3-FBBC30AB6F90}"
EndProject
Project("{2150E333-8FDC-42A3-9474-1A3956D46DE8}") = "Task4", "Task4", "{7A7E67AC-01F4-4586-A447-2B3B250C8332}"
EndProject
Project("{FAE04EC0-301F-11D3-BF4B-00C04F79EFBC}") = "Tyuiu.BerestenDS.Sprint6.Task4.V28.Lib", "Tyuiu.BerestenDS.Sprint6.Task4.V28.Lib\Tyuiu.BerestenDS.Sprint6.Task4.V28.Lib.csproj", "{273EE841-0A78-4DB3-89EF-57EF7AC9E221}"
EndProject
Project("{FAE04EC0-301F-11D3-BF4B-00C04F79EFBC}") = "Tyuiu.BerestenDS.Sprint6.Task4.V28.Test", "Tyuiu.BerestenDS.Sprint6.Task4.V28.Test\Tyuiu.BerestenDS.Sprint6.Task4.V28.Test.csproj", "{EA431DCC-EAAA-401C-B8B4-FAE7D4C162D5}"
EndProject
Project("{FAE04EC0-301F-11D3-BF4B-00C04F79EFBC}") = "Tyuiu.BerestenDS.Sprint6.Task4.V28", "Tyuiu.BerestenDS.Sprint6.Task4.V28\Tyuiu.BerestenDS.Sprint6.Task4.V28.csproj", "{219C4EC5-46EE-4503-8130-AD365CF279D6}"
EndProject
Global
	GlobalSection(SolutionConfigurationPlatforms) = preSolution
		Debug|Any CPU = Debug|Any CPU
		Release|Any CPU = Release|Any CPU
	EndGlobalSection
	GlobalSection(ProjectConfigurationPlatforms) = postSolution
		{B5EB3521-85AA-46A5-B71A-E002510DE3D2}.Debug|Any CPU.ActiveCfg = Debug|Any CPU
		{B5EB3521-85AA-46A5-B71A-E002510DE3D2}.Debug|Any CPU.Build.0 = Debug|Any CPU
		{B5EB3521-85AA-46A5-B71A-E002510DE3D2}.Release|Any CPU.ActiveCfg = Release|Any CPU
		{B5EB3521-85AA-46A5-B71A-E002510DE3D2}.Release|Any CPU.Build.0 = Release|Any CPU
		{F0C79FA8-38EC-4970-B759-DA616A44058E}.Debug|Any CPU.ActiveCfg = Debug|Any CPU
		{F0C79FA8-38EC-4970-B759-DA616A44058E}.Debug|Any CPU.Build.0 = Debug|Any CPU
		{F0C79FA8-38EC-4970-B759-DA616A44058E}.Release|Any CPU.ActiveCfg = Release|Any CPU
		{F0C79FA8-38EC-4970-B759-DA616A44058E}.Release|Any CPU.Build.0 = Release|Any CPU
		{5AF2A821-5AD0-4B2D-91B2-B2E0B71AD944}.Debug|Any CPU.ActiveCfg = Debug|Any CPU
		{5AF2A821-5AD0-4B2D-91B2-B2E0B71AD944}.Debug|Any CPU.Build.0 = Debug|Any CPU
		{5AF2A821-5AD0-4B2D-91B2-B2E0B71AD944}.Release|Any CPU.ActiveCfg = Release|Any CPU
		{5AF2A821-5AD0-4B2D-91B2-B2E0B71AD944}.Release|Any CPU.Build.0 = Release|Any CPU
		{EA894E1E-452D-4250-9296-829756F14F58}.Debug|Any CPU.ActiveCfg = Debug|Any CPU
		{EA894E1E-452D-4250-9296-829756F14F58}.Debug|Any CPU.Build.0 = Debug|Any CPU
		{EA894E1E-452D-4250-9296-829756F14F58}.Release|Any CPU.ActiveCfg = Release|Any CPU
		{EA894E1E-452D-4250-9296-829756F14F58}.Release|Any CPU.Build.0 = Release|Any CPU
		{2BAD1D62-C4B1-48B3-AE8E-AC7751307243}.Debug|Any CPU.ActiveCfg = Debug|Any CPU
		{2BAD1D62-C4B1-48B3-AE8E-AC7751307243}.Debug|Any CPU.Build.0 = Debug|Any CPU
		{2BAD1D62-C4B1-48B3-AE8E-AC7751307243}.Release|Any CPU.ActiveCfg = Release|Any CPU
		{2BAD1D62-C4B1-48B3-AE8E-AC7751307243}.Release|Any CPU.Build.0 = Release|Any CPU
		{29885699-AD16-402E-B66D-B948EC52F985}.Debug|Any CPU.ActiveCfg = Debug|Any CPU
		{29885699-AD16-402E-B66D-B948EC52F985}.Debug|Any CPU.Build.0 = Debug|Any CPU
		{29885699-AD16-402E-B66D-B948EC52F985}.Release|Any CPU.ActiveCfg = Release|Any CPU
		{29885699-AD16-402E-B66D-B948EC52F985}.Release|Any CPU.Build.0 = Release|Any CPU
		{B16A2257-5FE8-40C3-B19B-DB0FA2D81234}.Debug|Any CPU.ActiveCfg = Debug|Any CPU
		{B16A2257-5FE8-40C3-B19B-DB0FA2D81234}.Debug|Any CPU.Build.0 = Debug|Any CPU
		{B16A2257-5FE8-40C3-B19B-DB0FA2D81234}.Release|Any CPU.ActiveCfg = Release|Any CPU
		{B16A2257-5FE8-40C3-B19B-DB0FA2D81234}.Release|Any CPU.Build.0 = Release|Any CPU
		{B91C4C02-67E6-4A5D-9EDF-816DCEDEA937}.Debug|Any CPU.ActiveCfg = Debug|Any CPU
		{B91C4C02-67E6-4A5D-9EDF-816DCEDEA937}.Debug|Any CPU.Build.0 = Debug|Any CPU
		{B91C4C02-67E6-4A5D-9EDF-816DCEDEA937}.Release|Any CPU.ActiveCfg = Release|Any CPU
		{B91C4C02-67E6-4A5D-9EDF-816DCEDEA937}.Release|Any CPU.Build.0 = Release|Any CPU
		{3DD6858C-DE5B-41A5-B23B-27BCE63DA333}.Debug|Any CPU.ActiveCfg = Debug|Any CPU
		{3DD6858C-DE5B-41A5-B23B-27BCE63DA333}.Debug|Any CPU.Build.0 = Debug|Any CPU
		{3DD6858C-DE5B-41A5-B23B-27BCE63DA333}.Release|Any CPU.ActiveCfg = Release|Any CPU
		{3DD6858C-DE5B-41A5-B23B-27BCE63DA333}.Release|Any CPU.Build.0 = Release|Any CPU
		{1C1F7A72-6528-43A8-B966-4E3A89400243}.Debug|Any CPU.ActiveCfg = Debug|Any CPU
		{1C1F7A72-6528-43A8-B966-4E3A89400243}.Debug|Any CPU.Build.0 = Debug|Any CPU
		{1C1F7A72-6528-43A8-B966-4E3A89400243}.Release|Any CPU.ActiveCfg = Release|Any CPU
		{1C1F7A72-6528-43A8-B966-4E3A89400243}.Release|Any CPU.Build.0 = Release|Any CPU
		{A2D5FE4A-96FE-4278-8CF3-B9B1AC2D1FE3}.Debug|Any CPU.ActiveCfg = Debug|Any CPU
		{A2D5FE4A-96FE-4278-8CF3-B9B1AC2D1FE3}.Debug|Any CPU.Build.0 = Debug|Any CPU
		{A2D5FE4A-96FE-4278-8CF3-B9B1AC2D1FE3}.Release|Any CPU.ActiveCfg = Release|Any CPU
		{A2D5FE4A-96FE-4278-8CF3-B9B1AC2D1FE3}.Release|Any CPU.Build.0 = Release|Any CPU
		{8801B962-B9DC-4DD1-B9E3-FBBC30AB6F90}.Debug|Any CPU.ActiveCfg = Debug|Any CPU
		{8801B962-B9DC-4DD1-B9E3-FBBC30AB6F90}.Debug|Any CPU.Build.0 = Debug|Any CPU
		{8801B962-B9DC-4DD1-B9E3-FBBC30AB6F90}.Release|Any CPU.ActiveCfg = Release|Any CPU
		{8801B962-B9DC-4DD1-B9E3-FBBC30AB6F90}.Release|Any CPU.Build.0 = Release|Any CPU
		{273EE841-0A78-4DB3-89EF-57EF7AC9E221}.Debug|Any CPU.ActiveCfg = Debug|Any CPU
		{273EE841-0A78-4DB3-89EF-57EF7AC9E221}.Debug|Any CPU.Build.0 = Debug|Any CPU
		{273EE841-0A78-4DB3-89EF-57EF7AC9E221}.Release|Any CPU.ActiveCfg = Release|Any CPU
		{273EE841-0A78-4DB3-89EF-57EF7AC9E221}.Release|Any CPU.Build.0 = Release|Any CPU
		{EA431DCC-EAAA-401C-B8B4-FAE7D4C162D5}.Debug|Any CPU.ActiveCfg = Debug|Any CPU
		{EA431DCC-EAAA-401C-B8B4-FAE7D4C162D5}.Debug|Any CPU.Build.0 = Debug|Any CPU
		{EA431DCC-EAAA-401C-B8B4-FAE7D4C162D5}.Release|Any CPU.ActiveCfg = Release|Any CPU
		{EA431DCC-EAAA-401C-B8B4-FAE7D4C162D5}.Release|Any CPU.Build.0 = Release|Any CPU
		{219C4EC5-46EE-4503-8130-AD365CF279D6}.Debug|Any CPU.ActiveCfg = Debug|Any CPU
		{219C4EC5-46EE-4503-8130-AD365CF279D6}.Debug|Any CPU.Build.0 = Debug|Any CPU
		{219C4EC5-46EE-4503-8130-AD365CF279D6}.Release|Any CPU.ActiveCfg = Release|Any CPU
		{219C4EC5-46EE-4503-8130-AD365CF279D6}.Release|Any CPU.Build.0 = Release|Any CPU
	EndGlobalSection
	GlobalSection(SolutionProperties) = preSolution
		HideSolutionNode = FALSE
	EndGlobalSection
	GlobalSection(NestedProjects) = preSolution
		{B5EB3521-85AA-46A5-B71A-E002510DE3D2} = {85763DE8-1DE6-4A4F-80BC-9780E0D17E45}
		{F0C79FA8-38EC-4970-B759-DA616A44058E} = {85763DE8-1DE6-4A4F-80BC-9780E0D17E45}
		{5AF2A821-5AD0-4B2D-91B2-B2E0B71AD944} = {85763DE8-1DE6-4A4F-80BC-9780E0D17E45}
		{EA894E1E-452D-4250-9296-829756F14F58} = {EFF20FD3-DE4D-4B56-9335-48D7210131F5}
		{2BAD1D62-C4B1-48B3-AE8E-AC7751307243} = {EFF20FD3-DE4D-4B56-9335-48D7210131F5}
		{29885699-AD16-402E-B66D-B948EC52F985} = {EFF20FD3-DE4D-4B56-9335-48D7210131F5}
		{B16A2257-5FE8-40C3-B19B-DB0FA2D81234} = {584780C5-75EB-4F27-B184-000606804554}
		{B91C4C02-67E6-4A5D-9EDF-816DCEDEA937} = {584780C5-75EB-4F27-B184-000606804554}
		{3DD6858C-DE5B-41A5-B23B-27BCE63DA333} = {584780C5-75EB-4F27-B184-000606804554}
		{1C1F7A72-6528-43A8-B966-4E3A89400243} = {B2211C0A-6649-485E-AAF5-247B887EB5ED}
		{A2D5FE4A-96FE-4278-8CF3-B9B1AC2D1FE3} = {B2211C0A-6649-485E-AAF5-247B887EB5ED}
		{8801B962-B9DC-4DD1-B9E3-FBBC30AB6F90} = {B2211C0A-6649-485E-AAF5-247B887EB5ED}
		{273EE841-0A78-4DB3-89EF-57EF7AC9E221} = {7A7E67AC-01F4-4586-A447-2B3B250C8332}
		{EA431DCC-EAAA-401C-B8B4-FAE7D4C162D5} = {7A7E67AC-01F4-4586-A447-2B3B250C8332}
		{219C4EC5-46EE-4503-8130-AD365CF279D6} = {7A7E67AC-01F4-4586-A447-2B3B250C8332}
	EndGlobalSection
	GlobalSection(ExtensibilityGlobals) = postSolution
		SolutionGuid = {130198B7-6382-4457-A75D-3A72D06D36A5}
	EndGlobalSection
EndGlobal
